
Microsoft Visual Studio Solution File, Format Version 12.00
# Visual Studio 15
VisualStudioVersion = 15.0.27130.2026
MinimumVisualStudioVersion = 10.0.40219.1
Project("{8BC9CEB8-8B4A-11D0-8D11-00A0C91BC942}") = "Project11", "Project11\Project11.vcxproj", "{A9448459-1AA2-4E7D-ADC4-41023A01DBFA}"
EndProject
Global
	GlobalSection(SolutionConfigurationPlatforms) = preSolution
		Debug|x64 = Debug|x64
		Debug|x86 = Debug|x86
		Release|x64 = Release|x64
		Release|x86 = Release|x86
	EndGlobalSection
	GlobalSection(ProjectConfigurationPlatforms) = postSolution
		{A9448459-1AA2-4E7D-ADC4-41023A01DBFA}.Debug|x64.ActiveCfg = Debug|x64
		{A9448459-1AA2-4E7D-ADC4-41023A01DBFA}.Debug|x64.Build.0 = Debug|x64
		{A9448459-1AA2-4E7D-ADC4-41023A01DBFA}.Debug|x86.ActiveCfg = Debug|Win32
		{A9448459-1AA2-4E7D-ADC4-41023A01DBFA}.Debug|x86.Build.0 = Debug|Win32
		{A9448459-1AA2-4E7D-ADC4-41023A01DBFA}.Release|x64.ActiveCfg = Release|x64
		{A9448459-1AA2-4E7D-ADC4-41023A01DBFA}.Release|x64.Build.0 = Release|x64
		{A9448459-1AA2-4E7D-ADC4-41023A01DBFA}.Release|x86.ActiveCfg = Release|Win32
		{A9448459-1AA2-4E7D-ADC4-41023A01DBFA}.Release|x86.Build.0 = Release|Win32
	EndGlobalSection
	GlobalSection(SolutionProperties) = preSolution
		HideSolutionNode = FALSE
	EndGlobalSection
	GlobalSection(ExtensibilityGlobals) = postSolution
		SolutionGuid = {B9C1AD44-9462-4C9C-8726-CD70DC7ECDD0}
	EndGlobalSection
EndGlobal
